{
  "requires": true,
  "lockfileVersion": 1,
  "dependencies": {
    "@types/lodash": {
      "version": "4.14.161",
      "resolved": "https://registry.npmjs.org/@types/lodash/-/lodash-4.14.161.tgz",
      "integrity": "sha512-EP6O3Jkr7bXvZZSZYlsgt5DIjiGr0dXP1/jVEwVLTFgg0d+3lWVQkRavYVQszV7dYUwvg0B8R0MBDpcmXg7XIA=="
    },
    "@types/screeps": {
      "version": "3.2.0",
      "resolved": "https://registry.npmjs.org/@types/screeps/-/screeps-3.2.0.tgz",
      "integrity": "sha512-X88jCNkUV8PV+Ogvvwo7djnXSIL1YUXi+bPpygMtstUCUO7JQSSNdukrBNAe1CSZpQM1tzsHJQFf706vhoa5/A=="
    }
  }
}
